
Microsoft Visual Studio Solution File, Format Version 12.00
# Visual Studio Version 16
VisualStudioVersion = 16.0.29920.165
MinimumVisualStudioVersion = 10.0.40219.1
Project("{FAE04EC0-301F-11D3-BF4B-00C04F79EFBC}") = "Conjuntos_HashSet", "Conjuntos_HashSet\Conjuntos_HashSet.csproj", "{A14C9640-9CEC-4C42-8BCC-280BC11AC81E}"
EndProject
Global
	GlobalSection(SolutionConfigurationPlatforms) = preSolution
		Debug|Any CPU = Debug|Any CPU
		Release|Any CPU = Release|Any CPU
	EndGlobalSection
	GlobalSection(ProjectConfigurationPlatforms) = postSolution
		{A14C9640-9CEC-4C42-8BCC-280BC11AC81E}.Debug|Any CPU.ActiveCfg = Debug|Any CPU
		{A14C9640-9CEC-4C42-8BCC-280BC11AC81E}.Debug|Any CPU.Build.0 = Debug|Any CPU
		{A14C9640-9CEC-4C42-8BCC-280BC11AC81E}.Release|Any CPU.ActiveCfg = Release|Any CPU
		{A14C9640-9CEC-4C42-8BCC-280BC11AC81E}.Release|Any CPU.Build.0 = Release|Any CPU
	EndGlobalSection
	GlobalSection(SolutionProperties) = preSolution
		HideSolutionNode = FALSE
	EndGlobalSection
	GlobalSection(ExtensibilityGlobals) = postSolution
		SolutionGuid = {C7DB2482-FF8A-4F76-912F-CE110838238A}
	EndGlobalSection
EndGlobal
